
Microsoft Visual Studio Solution File, Format Version 12.00
# Visual Studio 15
Project("{FAE04EC0-301F-11D3-BF4B-00C04F79EFBC}") = "Assembly-CSharp", "Assembly-CSharp.csproj", "{2ACC9732-9F51-B0B4-B27F-19373C70C384}"
EndProject
Project("{FAE04EC0-301F-11D3-BF4B-00C04F79EFBC}") = "Assembly-CSharp-firstpass", "Assembly-CSharp-firstpass.csproj", "{70CEF0F5-A022-32EE-3482-8AA9A36338A9}"
EndProject
Project("{FAE04EC0-301F-11D3-BF4B-00C04F79EFBC}") = "Assembly-CSharp-Editor", "Assembly-CSharp-Editor.csproj", "{30D6BFFF-2CA5-9B75-CCE5-77DCCC767F05}"
EndProject
Global
	GlobalSection(SolutionConfigurationPlatforms) = preSolution
		Debug|Any CPU = Debug|Any CPU
		Release|Any CPU = Release|Any CPU
	EndGlobalSection
	GlobalSection(ProjectConfigurationPlatforms) = postSolution
		{2ACC9732-9F51-B0B4-B27F-19373C70C384}.Debug|Any CPU.ActiveCfg = Debug|Any CPU
		{2ACC9732-9F51-B0B4-B27F-19373C70C384}.Debug|Any CPU.Build.0 = Debug|Any CPU
		{2ACC9732-9F51-B0B4-B27F-19373C70C384}.Release|Any CPU.ActiveCfg = Release|Any CPU
		{2ACC9732-9F51-B0B4-B27F-19373C70C384}.Release|Any CPU.Build.0 = Release|Any CPU
		{70CEF0F5-A022-32EE-3482-8AA9A36338A9}.Debug|Any CPU.ActiveCfg = Debug|Any CPU
		{70CEF0F5-A022-32EE-3482-8AA9A36338A9}.Debug|Any CPU.Build.0 = Debug|Any CPU
		{70CEF0F5-A022-32EE-3482-8AA9A36338A9}.Release|Any CPU.ActiveCfg = Release|Any CPU
		{70CEF0F5-A022-32EE-3482-8AA9A36338A9}.Release|Any CPU.Build.0 = Release|Any CPU
		{30D6BFFF-2CA5-9B75-CCE5-77DCCC767F05}.Debug|Any CPU.ActiveCfg = Debug|Any CPU
		{30D6BFFF-2CA5-9B75-CCE5-77DCCC767F05}.Debug|Any CPU.Build.0 = Debug|Any CPU
		{30D6BFFF-2CA5-9B75-CCE5-77DCCC767F05}.Release|Any CPU.ActiveCfg = Release|Any CPU
		{30D6BFFF-2CA5-9B75-CCE5-77DCCC767F05}.Release|Any CPU.Build.0 = Release|Any CPU
	EndGlobalSection
	GlobalSection(SolutionProperties) = preSolution
		HideSolutionNode = FALSE
	EndGlobalSection
EndGlobal
