
Microsoft Visual Studio Solution File, Format Version 12.00
# Visual Studio 15
Project("{FAE04EC0-301F-11D3-BF4B-00C04F79EFBC}") = "Assembly-CSharp", "Assembly-CSharp.csproj", "{0F8E4030-A05D-329D-195A-66A1D54D2F46}"
EndProject
Project("{FAE04EC0-301F-11D3-BF4B-00C04F79EFBC}") = "Assembly-CSharp-firstpass", "Assembly-CSharp-firstpass.csproj", "{B565D5CE-268C-0EB7-A0DB-7A1B2CCFCEAC}"
EndProject
Project("{FAE04EC0-301F-11D3-BF4B-00C04F79EFBC}") = "Assembly-CSharp-Editor", "Assembly-CSharp-Editor.csproj", "{566DF066-CD34-28BF-E30B-7814E66A09C1}"
EndProject
Global
	GlobalSection(SolutionConfigurationPlatforms) = preSolution
		Debug|Any CPU = Debug|Any CPU
		Release|Any CPU = Release|Any CPU
	EndGlobalSection
	GlobalSection(ProjectConfigurationPlatforms) = postSolution
		{0F8E4030-A05D-329D-195A-66A1D54D2F46}.Debug|Any CPU.ActiveCfg = Debug|Any CPU
		{0F8E4030-A05D-329D-195A-66A1D54D2F46}.Debug|Any CPU.Build.0 = Debug|Any CPU
		{0F8E4030-A05D-329D-195A-66A1D54D2F46}.Release|Any CPU.ActiveCfg = Release|Any CPU
		{0F8E4030-A05D-329D-195A-66A1D54D2F46}.Release|Any CPU.Build.0 = Release|Any CPU
		{B565D5CE-268C-0EB7-A0DB-7A1B2CCFCEAC}.Debug|Any CPU.ActiveCfg = Debug|Any CPU
		{B565D5CE-268C-0EB7-A0DB-7A1B2CCFCEAC}.Debug|Any CPU.Build.0 = Debug|Any CPU
		{B565D5CE-268C-0EB7-A0DB-7A1B2CCFCEAC}.Release|Any CPU.ActiveCfg = Release|Any CPU
		{B565D5CE-268C-0EB7-A0DB-7A1B2CCFCEAC}.Release|Any CPU.Build.0 = Release|Any CPU
		{566DF066-CD34-28BF-E30B-7814E66A09C1}.Debug|Any CPU.ActiveCfg = Debug|Any CPU
		{566DF066-CD34-28BF-E30B-7814E66A09C1}.Debug|Any CPU.Build.0 = Debug|Any CPU
		{566DF066-CD34-28BF-E30B-7814E66A09C1}.Release|Any CPU.ActiveCfg = Release|Any CPU
		{566DF066-CD34-28BF-E30B-7814E66A09C1}.Release|Any CPU.Build.0 = Release|Any CPU
	EndGlobalSection
	GlobalSection(SolutionProperties) = preSolution
		HideSolutionNode = FALSE
	EndGlobalSection
EndGlobal
